// !$*UTF8*$!
{
	archiveVersion = 1;
	classes = {
	};
	objectVersion = 46;
	objects = {

/* Begin PBXBuildFile section */
		EE8642801DABA8F900BD019D /* AppDelegate.swift in Sources */ = {isa = PBXBuildFile; fileRef = EE86427F1DABA8F900BD019D /* AppDelegate.swift */; };
		EE8642821DABA8F900BD019D /* FirstViewController.swift in Sources */ = {isa = PBXBuildFile; fileRef = EE8642811DABA8F900BD019D /* FirstViewController.swift */; };
		EE8642841DABA8F900BD019D /* SecondViewController.swift in Sources */ = {isa = PBXBuildFile; fileRef = EE8642831DABA8F900BD019D /* SecondViewController.swift */; };
		EE8642891DABA8F900BD019D /* Assets.xcassets in Resources */ = {isa = PBXBuildFile; fileRef = EE8642881DABA8F900BD019D /* Assets.xcassets */; };
		EE86428C1DABA8F900BD019D /* LaunchScreen.storyboard in Resources */ = {isa = PBXBuildFile; fileRef = EE86428A1DABA8F900BD019D /* LaunchScreen.storyboard */; };
		EE8642941DABAEB300BD019D /* DataStruct.swift in Sources */ = {isa = PBXBuildFile; fileRef = EE8642931DABAEB300BD019D /* DataStruct.swift */; };
		EE8642981DABB22C00BD019D /* PlaceTableViewCell.swift in Sources */ = {isa = PBXBuildFile; fileRef = EE8642971DABB22C00BD019D /* PlaceTableViewCell.swift */; };
		EE86429A1DABC24200BD019D /* Artwork.swift in Sources */ = {isa = PBXBuildFile; fileRef = EE8642991DABC24200BD019D /* Artwork.swift */; };
		EE86429D1DAC1EDE00BD019D /* Main.storyboard in Resources */ = {isa = PBXBuildFile; fileRef = EE86429B1DAC1EDE00BD019D /* Main.storyboard */; };
/* End PBXBuildFile section */

/* Begin PBXFileReference section */
		EE86427C1DABA8F900BD019D /* D05.app */ = {isa = PBXFileReference; explicitFileType = wrapper.application; includeInIndex = 0; path = D05.app; sourceTree = BUILT_PRODUCTS_DIR; };
		EE86427F1DABA8F900BD019D /* AppDelegate.swift */ = {isa = PBXFileReference; lastKnownFileType = sourcecode.swift; path = AppDelegate.swift; sourceTree = "<group>"; };
		EE8642811DABA8F900BD019D /* FirstViewController.swift */ = {isa = PBXFileReference; lastKnownFileType = sourcecode.swift; path = FirstViewController.swift; sourceTree = "<group>"; };
		EE8642831DABA8F900BD019D /* SecondViewController.swift */ = {isa = PBXFileReference; lastKnownFileType = sourcecode.swift; path = SecondViewController.swift; sourceTree = "<group>"; };
		EE8642881DABA8F900BD019D /* Assets.xcassets */ = {isa = PBXFileReference; lastKnownFileType = folder.assetcatalog; path = Assets.xcassets; sourceTree = "<group>"; };
		EE86428B1DABA8F900BD019D /* Base */ = {isa = PBXFileReference; lastKnownFileType = file.storyboard; name = Base; path = Base.lproj/LaunchScreen.storyboard; sourceTree = "<group>"; };
		EE86428D1DABA8F900BD019D /* Info.plist */ = {isa = PBXFileReference; lastKnownFileType = text.plist.xml; path = Info.plist; sourceTree = "<group>"; };
		EE8642931DABAEB300BD019D /* DataStruct.swift */ = {isa = PBXFileReference; fileEncoding = 4; lastKnownFileType = sourcecode.swift; path = DataStruct.swift; sourceTree = "<group>"; };
		EE8642971DABB22C00BD019D /* PlaceTableViewCell.swift */ = {isa = PBXFileReference; fileEncoding = 4; lastKnownFileType = sourcecode.swift; path = PlaceTableViewCell.swift; sourceTree = "<group>"; };
		EE8642991DABC24200BD019D /* Artwork.swift */ = {isa = PBXFileReference; fileEncoding = 4; lastKnownFileType = sourcecode.swift; path = Artwork.swift; sourceTree = "<group>"; };
		EE86429C1DAC1EDE00BD019D /* Base */ = {isa = PBXFileReference; lastKnownFileType = file.storyboard; name = Base; path = D05/Base.lproj/Main.storyboard; sourceTree = "<group>"; };
/* End PBXFileReference section */

/* Begin PBXFrameworksBuildPhase section */
		EE8642791DABA8F900BD019D /* Frameworks */ = {
			isa = PBXFrameworksBuildPhase;
			buildActionMask = 2147483647;
			files = (
			);
			runOnlyForDeploymentPostprocessing = 0;
		};
/* End PBXFrameworksBuildPhase section */

/* Begin PBXGroup section */
		EE8642731DABA8F900BD019D = {
			isa = PBXGroup;
			children = (
				EE86427E1DABA8F900BD019D /* D05 */,
				EE86427D1DABA8F900BD019D /* Products */,
			);
			sourceTree = "<group>";
		};
		EE86427D1DABA8F900BD019D /* Products */ = {
			isa = PBXGroup;
			children = (
				EE86427C1DABA8F900BD019D /* D05.app */,
			);
			name = Products;
			sourceTree = "<group>";
		};
		EE86427E1DABA8F900BD019D /* D05 */ = {
			isa = PBXGroup;
			children = (
				EE86429B1DAC1EDE00BD019D /* Main.storyboard */,
				EE86427F1DABA8F900BD019D /* AppDelegate.swift */,
				EE8642811DABA8F900BD019D /* FirstViewController.swift */,
				EE8642831DABA8F900BD019D /* SecondViewController.swift */,
				EE8642881DABA8F900BD019D /* Assets.xcassets */,
				EE86428A1DABA8F900BD019D /* LaunchScreen.storyboard */,
				EE86428D1DABA8F900BD019D /* Info.plist */,
				EE8642931DABAEB300BD019D /* DataStruct.swift */,
				EE8642971DABB22C00BD019D /* PlaceTableViewCell.swift */,
				EE8642991DABC24200BD019D /* Artwork.swift */,
			);
			path = D05;
			sourceTree = "<group>";
		};
/* End PBXGroup section */

/* Begin PBXNativeTarget section */
		EE86427B1DABA8F900BD019D /* D05 */ = {
			isa = PBXNativeTarget;
			buildConfigurationList = EE8642901DABA8F900BD019D /* Build configuration list for PBXNativeTarget "D05" */;
			buildPhases = (
				EE8642781DABA8F900BD019D /* Sources */,
				EE8642791DABA8F900BD019D /* Frameworks */,
				EE86427A1DABA8F900BD019D /* Resources */,
			);
			buildRules = (
			);
			dependencies = (
			);
			name = D05;
			productName = D05;
			productReference = EE86427C1DABA8F900BD019D /* D05.app */;
			productType = "com.apple.product-type.application";
		};
/* End PBXNativeTarget section */

/* Begin PBXProject section */
		EE8642741DABA8F900BD019D /* Project object */ = {
			isa = PBXProject;
			attributes = {
				LastSwiftUpdateCheck = 0730;
				LastUpgradeCheck = 0730;
				ORGANIZATIONNAME = "Bastien NIZARD";
				TargetAttributes = {
					EE86427B1DABA8F900BD019D = {
						CreatedOnToolsVersion = 7.3.1;
						LastSwiftMigration = 0820;
					};
				};
			};
			buildConfigurationList = EE8642771DABA8F900BD019D /* Build configuration list for PBXProject "D05" */;
			compatibilityVersion = "Xcode 3.2";
			developmentRegion = English;
			hasScannedForEncodings = 0;
			knownRegions = (
				en,
				Base,
			);
			mainGroup = EE8642731DABA8F900BD019D;
			productRefGroup = EE86427D1DABA8F900BD019D /* Products */;
			projectDirPath = "";
			projectRoot = "";
			targets = (
				EE86427B1DABA8F900BD019D /* D05 */,
			);
		};
/* End PBXProject section */

/* Begin PBXResourcesBuildPhase section */
		EE86427A1DABA8F900BD019D /* Resources */ = {
			isa = PBXResourcesBuildPhase;
			buildActionMask = 2147483647;
			files = (
				EE86429D1DAC1EDE00BD019D /* Main.storyboard in Resources */,
				EE86428C1DABA8F900BD019D /* LaunchScreen.storyboard in Resources */,
				EE8642891DABA8F900BD019D /* Assets.xcassets in Resources */,
			);
			runOnlyForDeploymentPostprocessing = 0;
		};
/* End PBXResourcesBuildPhase section */

/* Begin PBXSourcesBuildPhase section */
		EE8642781DABA8F900BD019D /* Sources */ = {
			isa = PBXSourcesBuildPhase;
			buildActionMask = 2147483647;
			files = (
				EE8642981DABB22C00BD019D /* PlaceTableViewCell.swift in Sources */,
				EE8642841DABA8F900BD019D /* SecondViewController.swift in Sources */,
				EE8642801DABA8F900BD019D /* AppDelegate.swift in Sources */,
				EE8642941DABAEB300BD019D /* DataStruct.swift in Sources */,
				EE86429A1DABC24200BD019D /* Artwork.swift in Sources */,
				EE8642821DABA8F900BD019D /* FirstViewController.swift in Sources */,
			);
			runOnlyForDeploymentPostprocessing = 0;
		};
/* End PBXSourcesBuildPhase section */

/* Begin PBXVariantGroup section */
		EE86428A1DABA8F900BD019D /* LaunchScreen.storyboard */ = {
			isa = PBXVariantGroup;
			children = (
				EE86428B1DABA8F900BD019D /* Base */,
			);
			name = LaunchScreen.storyboard;
			sourceTree = "<group>";
		};
		EE86429B1DAC1EDE00BD019D /* Main.storyboard */ = {
			isa = PBXVariantGroup;
			children = (
				EE86429C1DAC1EDE00BD019D /* Base */,
			);
			name = Main.storyboard;
			path = ..;
			sourceTree = "<group>";
		};
/* End PBXVariantGroup section */

/* Begin XCBuildConfiguration section */
		EE86428E1DABA8F900BD019D /* Debug */ = {
			isa = XCBuildConfiguration;
			buildSettings = {
				ALWAYS_SEARCH_USER_PATHS = NO;
				CLANG_ANALYZER_NONNULL = YES;
				CLANG_CXX_LANGUAGE_STANDARD = "gnu++0x";
				CLANG_CXX_LIBRARY = "libc++";
				CLANG_ENABLE_MODULES = YES;
				CLANG_ENABLE_OBJC_ARC = YES;
				CLANG_WARN_BOOL_CONVERSION = YES;
				CLANG_WARN_CONSTANT_CONVERSION = YES;
				CLANG_WARN_DIRECT_OBJC_ISA_USAGE = YES_ERROR;
				CLANG_WARN_EMPTY_BODY = YES;
				CLANG_WARN_ENUM_CONVERSION = YES;
				CLANG_WARN_INT_CONVERSION = YES;
				CLANG_WARN_OBJC_ROOT_CLASS = YES_ERROR;
				CLANG_WARN_UNREACHABLE_CODE = YES;
				CLANG_WARN__DUPLICATE_METHOD_MATCH = YES;
				"CODE_SIGN_IDENTITY[sdk=iphoneos*]" = "iPhone Developer";
				COPY_PHASE_STRIP = NO;
				DEBUG_INFORMATION_FORMAT = dwarf;
				ENABLE_STRICT_OBJC_MSGSEND = YES;
				ENABLE_TESTABILITY = YES;
				GCC_C_LANGUAGE_STANDARD = gnu99;
				GCC_DYNAMIC_NO_PIC = NO;
				GCC_NO_COMMON_BLOCKS = YES;
				GCC_OPTIMIZATION_LEVEL = 0;
				GCC_PREPROCESSOR_DEFINITIONS = (
					"DEBUG=1",
					"$(inherited)",
				);
				GCC_WARN_64_TO_32_BIT_CONVERSION = YES;
				GCC_WARN_ABOUT_RETURN_TYPE = YES_ERROR;
				GCC_WARN_UNDECLARED_SELECTOR = YES;
				GCC_WARN_UNINITIALIZED_AUTOS = YES_AGGRESSIVE;
				GCC_WARN_UNUSED_FUNCTION = YES;
				GCC_WARN_UNUSED_VARIABLE = YES;
				IPHONEOS_DEPLOYMENT_TARGET = 9.3;
				MTL_ENABLE_DEBUG_INFO = YES;
				ONLY_ACTIVE_ARCH = YES;
				SDKROOT = iphoneos;
				SWIFT_OPTIMIZATION_LEVEL = "-Onone";
				TARGETED_DEVICE_FAMILY = "1,2";
			};
			name = Debug;
		};
		EE86428F1DABA8F900BD019D /* Release */ = {
			isa = XCBuildConfiguration;
			buildSettings = {
				ALWAYS_SEARCH_USER_PATHS = NO;
				CLANG_ANALYZER_NONNULL = YES;
				CLANG_CXX_LANGUAGE_STANDARD = "gnu++0x";
				CLANG_CXX_LIBRARY = "libc++";
				CLANG_ENABLE_MODULES = YES;
				CLANG_ENABLE_OBJC_ARC = YES;
				CLANG_WARN_BOOL_CONVERSION = YES;
				CLANG_WARN_CONSTANT_CONVERSION = YES;
				CLANG_WARN_DIRECT_OBJC_ISA_USAGE = YES_ERROR;
				CLANG_WARN_EMPTY_BODY = YES;
				CLANG_WARN_ENUM_CONVERSION = YES;
				CLANG_WARN_INT_CONVERSION = YES;
				CLANG_WARN_OBJC_ROOT_CLASS = YES_ERROR;
				CLANG_WARN_UNREACHABLE_CODE = YES;
				CLANG_WARN__DUPLICATE_METHOD_MATCH = YES;
				"CODE_SIGN_IDENTITY[sdk=iphoneos*]" = "iPhone Developer";
				COPY_PHASE_STRIP = NO;
				DEBUG_INFORMATION_FORMAT = "dwarf-with-dsym";
				ENABLE_NS_ASSERTIONS = NO;
				ENABLE_STRICT_OBJC_MSGSEND = YES;
				GCC_C_LANGUAGE_STANDARD = gnu99;
				GCC_NO_COMMON_BLOCKS = YES;
				GCC_WARN_64_TO_32_BIT_CONVERSION = YES;
				GCC_WARN_ABOUT_RETURN_TYPE = YES_ERROR;
				GCC_WARN_UNDECLARED_SELECTOR = YES;
				GCC_WARN_UNINITIALIZED_AUTOS = YES_AGGRESSIVE;
				GCC_WARN_UNUSED_FUNCTION = YES;
				GCC_WARN_UNUSED_VARIABLE = YES;
				IPHONEOS_DEPLOYMENT_TARGET = 9.3;
				MTL_ENABLE_DEBUG_INFO = NO;
				SDKROOT = iphoneos;
				TARGETED_DEVICE_FAMILY = "1,2";
				VALIDATE_PRODUCT = YES;
			};
			name = Release;
		};
		EE8642911DABA8F900BD019D /* Debug */ = {
			isa = XCBuildConfiguration;
			buildSettings = {
				ASSETCATALOG_COMPILER_APPICON_NAME = AppIcon;
				INFOPLIST_FILE = D05/Info.plist;
				LD_RUNPATH_SEARCH_PATHS = "$(inherited) @executable_path/Frameworks";
				PRODUCT_BUNDLE_IDENTIFIER = bnizard.D05;
				PRODUCT_NAME = "$(TARGET_NAME)";
				SWIFT_VERSION = 3.0;
			};
			name = Debug;
		};
		EE8642921DABA8F900BD019D /* Release */ = {
			isa = XCBuildConfiguration;
			buildSettings = {
				ASSETCATALOG_COMPILER_APPICON_NAME = AppIcon;
				INFOPLIST_FILE = D05/Info.plist;
				LD_RUNPATH_SEARCH_PATHS = "$(inherited) @executable_path/Frameworks";
				PRODUCT_BUNDLE_IDENTIFIER = bnizard.D05;
				PRODUCT_NAME = "$(TARGET_NAME)";
				SWIFT_VERSION = 3.0;
			};
			name = Release;
		};
/* End XCBuildConfiguration section */

/* Begin XCConfigurationList section */
		EE8642771DABA8F900BD019D /* Build configuration list for PBXProject "D05" */ = {
			isa = XCConfigurationList;
			buildConfigurations = (
				EE86428E1DABA8F900BD019D /* Debug */,
				EE86428F1DABA8F900BD019D /* Release */,
			);
			defaultConfigurationIsVisible = 0;
			defaultConfigurationName = Release;
		};
		EE8642901DABA8F900BD019D /* Build configuration list for PBXNativeTarget "D05" */ = {
			isa = XCConfigurationList;
			buildConfigurations = (
				EE8642911DABA8F900BD019D /* Debug */,
				EE8642921DABA8F900BD019D /* Release */,
			);
			defaultConfigurationIsVisible = 0;
			defaultConfigurationName = Release;
		};
/* End XCConfigurationList section */
	};
	rootObject = EE8642741DABA8F900BD019D /* Project object */;
}
